{
    "_meta": {
        "hash": {
            "sha256": "78c938bd2b994eb6d47515009b1f9d57abb1f6324dfdb59fd5cffef6bd8f9690"
        },
        "pipfile-spec": 6,
        "requires": {
            "python_version": "3.8"
        },
        "sources": [
            {
                "name": "pypi",
                "url": "https://pypi.python.org/simple",
                "verify_ssl": true
            }
        ]
    },
    "default": {
        "e1839a8": {
            "editable": true,
            "path": "."
        }
    },
    "develop": {}
}
